{
  "name": "aws-fun",
  "version": "0.0.0",
  "lockfileVersion": 1,
  "requires": true,
  "dependencies": {
    "@uirouter/angularjs": {
      "version": "1.0.16",
      "resolved": "https://registry.npmjs.org/@uirouter/angularjs/-/angularjs-1.0.16.tgz",
      "integrity": "sha512-LqZ0YyVT4RzymKGGjECPbhlRYjD2XNMVm6hCE7SbPD6v492/QJL2nairrFumfUZIlwlut/1q9aEByyIbC5FSdQ=="
    },
    "angular": {
      "version": "1.7.9",
      "resolved": "https://registry.npmjs.org/angular/-/angular-1.7.9.tgz",
      "integrity": "sha512-5se7ZpcOtu0MBFlzGv5dsM1quQDoDeUTwZrWjGtTNA7O88cD8TEk5IEKCTDa3uECV9XnvKREVUr7du1ACiWGFQ=="
    },
    "angular-animate": {
      "version": "1.6.10",
      "resolved": "https://registry.npmjs.org/angular-animate/-/angular-animate-1.6.10.tgz",
      "integrity": "sha512-RU9ZJbTspq0W0x675H5k1DeSgKbAFfp2aiYoNGdlD+wQNKvwwMR5ho+EkDKkx9zE02a5goe8Z6EhhYPQSff9dA=="
    },
    "angular-aria": {
      "version": "1.6.10",
      "resolved": "https://registry.npmjs.org/angular-aria/-/angular-aria-1.6.10.tgz",
      "integrity": "sha512-QO+jSbsnGxLhULD8syFvfH0sQVCKCwDPDCd130ou11HYw4D8vAaU/NG6ufcmnh9XJHTcngAaBe3VVfZefMkiBA=="
    },
    "angular-material": {
      "version": "1.1.9",
      "resolved": "https://registry.npmjs.org/angular-material/-/angular-material-1.1.9.tgz",
      "integrity": "sha512-kxyigi+7823k/31qQ0j6wL5FkCe/mw2bAg1kfEFzIvhUoe5Myr+0YoQyN8D8EGaaOyolXU/VPtxgKSfOCSLEBw=="
    },
    "angular-messages": {
      "version": "1.6.10",
      "resolved": "https://registry.npmjs.org/angular-messages/-/angular-messages-1.6.10.tgz",
      "integrity": "sha512-FpILIYqeBj2fP5U5txnO/cneeKZxdF+WqpBo7tgHXl2BmOVVWKUCEjMmByouYxwn9PFLeipBPjaaDs2/eB/m5A=="
    },
    "aws-sdk": {
      "version": "2.234.1",
      "resolved": "https://registry.npmjs.org/aws-sdk/-/aws-sdk-2.234.1.tgz",
      "integrity": "sha1-u408vkaF24Vue7BW848U594SFPI="
    },
    "body-parser": {
      "version": "1.18.2",
      "resolved": "https://registry.npmjs.org/body-parser/-/body-parser-1.18.2.tgz",
      "integrity": "sha1-h2eKGdhLR9hZuDGZvVm84iKxBFQ="
    },
    "cookie-parser": {
      "version": "1.4.3",
      "resolved": "https://registry.npmjs.org/cookie-parser/-/cookie-parser-1.4.3.tgz",
      "integrity": "sha1-D+MfoZ0AC5X0qt8fU/3CuKIDuqU="
    },
    "debug": {
      "version": "2.6.9",
      "resolved": "https://registry.npmjs.org/debug/-/debug-2.6.9.tgz",
      "integrity": "sha512-bC7ElrdJaJnPbAP+1EotYvqZsb3ecl5wi6Bfi6BJTUcNowp6cvspg0jXznRTKDjm/E7AdgFBVeAPVMNcKGsHMA=="
    },
    "ejs": {
      "version": "2.5.9",
      "resolved": "https://registry.npmjs.org/ejs/-/ejs-2.5.9.tgz",
      "integrity": "sha512-GJCAeDBKfREgkBtgrYSf9hQy9kTb3helv0zGdzqhM7iAkW8FA/ZF97VQDbwFiwIT8MQLLOe5VlPZOEvZAqtUAQ=="
    },
    "express": {
      "version": "4.16.3",
      "resolved": "https://registry.npmjs.org/express/-/express-4.16.3.tgz",
      "integrity": "sha1-avilAjUNsyRuzEvs9rWjTSL37VM="
    },
    "grunt": {
      "version": "1.0.2",
      "resolved": "https://registry.npmjs.org/grunt/-/grunt-1.0.2.tgz",
      "integrity": "sha1-TmpeaVtwRy/VME9fqeNCNoNqc7w=",
      "dev": true,
      "dependencies": {
        "grunt-cli": {
          "version": "1.2.0",
          "resolved": "https://registry.npmjs.org/grunt-cli/-/grunt-cli-1.2.0.tgz",
          "integrity": "sha1-VisRnrsGndtGSs4oRVAb6Xs1tqg="
        }
      }
    },
    "grunt-contrib-concat": {
      "version": "1.0.1",
      "resolved": "https://registry.npmjs.org/grunt-contrib-concat/-/grunt-contrib-concat-1.0.1.tgz",
      "integrity": "sha1-YVCYYwhOhx1+ht5IwBUlntl3Rb0=",
      "dev": true
    },
    "grunt-contrib-cssmin": {
      "version": "2.2.1",
      "resolved": "https://registry.npmjs.org/grunt-contrib-cssmin/-/grunt-contrib-cssmin-2.2.1.tgz",
      "integrity": "sha512-IXNomhQ5ekVZbDbj/ik5YccoD9khU6LT2fDXqO1+/Txjq8cp0tQKjVS8i8EAbHOrSDkL7/UD6A7b+xj98gqh9w==",
      "dev": true
    },
    "http-errors": {
      "version": "1.6.3",
      "resolved": "https://registry.npmjs.org/http-errors/-/http-errors-1.6.3.tgz",
      "integrity": "sha1-i1VoC7S+KDoLW/TqLjhYC+HZMg0="
    },
    "material-design-icons": {
      "version": "3.0.1",
      "resolved": "https://registry.npmjs.org/material-design-icons/-/material-design-icons-3.0.1.tgz",
      "integrity": "sha1-mnHEh0chjrylHlGmbaaCA4zct78="
    },
    "md-toast": {
      "version": "0.0.1-alpha.1",
      "resolved": "https://registry.npmjs.org/md-toast/-/md-toast-0.0.1-alpha.1.tgz",
      "integrity": "sha1-hx7aecDKgKDT6kuraL5EJqWdTWU="
    },
    "morgan": {
      "version": "1.9.0",
      "resolved": "https://registry.npmjs.org/morgan/-/morgan-1.9.0.tgz",
      "integrity": "sha1-0B+mxlhZt2/PMbPLU6OCGjEdgFE="
    },
    "node-uuid": {
      "version": "1.4.8",
      "resolved": "https://registry.npmjs.org/node-uuid/-/node-uuid-1.4.8.tgz",
      "integrity": "sha1-sEDrCSOWivq/jTL7HxfxFn/auQc="
    }
  }
}
